// !$*UTF8*$!
{
	archiveVersion = 1;
	classes = {
	};
	objectVersion = 50;
	objects = {

/* Begin PBXBuildFile section */
		83F260A0210C87E400CC4D1F /* AppDelegate.swift in Sources */ = {isa = PBXBuildFile; fileRef = 83F2609F210C87E400CC4D1F /* AppDelegate.swift */; };
		83F260A2210C87E400CC4D1F /* ViewController.swift in Sources */ = {isa = PBXBuildFile; fileRef = 83F260A1210C87E400CC4D1F /* ViewController.swift */; };
		83F260A5210C87E400CC4D1F /* Main.storyboard in Resources */ = {isa = PBXBuildFile; fileRef = 83F260A3210C87E400CC4D1F /* Main.storyboard */; };
		83F260A7210C87E800CC4D1F /* Assets.xcassets in Resources */ = {isa = PBXBuildFile; fileRef = 83F260A6210C87E800CC4D1F /* Assets.xcassets */; };
		83F260AA210C87E800CC4D1F /* LaunchScreen.storyboard in Resources */ = {isa = PBXBuildFile; fileRef = 83F260A8210C87E800CC4D1F /* LaunchScreen.storyboard */; };
		83F260B5210C87E800CC4D1F /* instagramCloneTests.swift in Sources */ = {isa = PBXBuildFile; fileRef = 83F260B4210C87E800CC4D1F /* instagramCloneTests.swift */; };
		83F260C0210C87E800CC4D1F /* instagramCloneUITests.swift in Sources */ = {isa = PBXBuildFile; fileRef = 83F260BF210C87E800CC4D1F /* instagramCloneUITests.swift */; };
/* End PBXBuildFile section */

/* Begin PBXContainerItemProxy section */
		83F260B1210C87E800CC4D1F /* PBXContainerItemProxy */ = {
			isa = PBXContainerItemProxy;
			containerPortal = 83F26094210C87E400CC4D1F /* Project object */;
			proxyType = 1;
			remoteGlobalIDString = 83F2609B210C87E400CC4D1F;
			remoteInfo = instagramClone;
		};
		83F260BC210C87E800CC4D1F /* PBXContainerItemProxy */ = {
			isa = PBXContainerItemProxy;
			containerPortal = 83F26094210C87E400CC4D1F /* Project object */;
			proxyType = 1;
			remoteGlobalIDString = 83F2609B210C87E400CC4D1F;
			remoteInfo = instagramClone;
		};
/* End PBXContainerItemProxy section */

/* Begin PBXFileReference section */
		83F2609C210C87E400CC4D1F /* instagramClone.app */ = {isa = PBXFileReference; explicitFileType = wrapper.application; includeInIndex = 0; path = instagramClone.app; sourceTree = BUILT_PRODUCTS_DIR; };
		83F2609F210C87E400CC4D1F /* AppDelegate.swift */ = {isa = PBXFileReference; lastKnownFileType = sourcecode.swift; path = AppDelegate.swift; sourceTree = "<group>"; };
		83F260A1210C87E400CC4D1F /* ViewController.swift */ = {isa = PBXFileReference; lastKnownFileType = sourcecode.swift; path = ViewController.swift; sourceTree = "<group>"; };
		83F260A4210C87E400CC4D1F /* Base */ = {isa = PBXFileReference; lastKnownFileType = file.storyboard; name = Base; path = Base.lproj/Main.storyboard; sourceTree = "<group>"; };
		83F260A6210C87E800CC4D1F /* Assets.xcassets */ = {isa = PBXFileReference; lastKnownFileType = folder.assetcatalog; path = Assets.xcassets; sourceTree = "<group>"; };
		83F260A9210C87E800CC4D1F /* Base */ = {isa = PBXFileReference; lastKnownFileType = file.storyboard; name = Base; path = Base.lproj/LaunchScreen.storyboard; sourceTree = "<group>"; };
		83F260AB210C87E800CC4D1F /* Info.plist */ = {isa = PBXFileReference; lastKnownFileType = text.plist.xml; path = Info.plist; sourceTree = "<group>"; };
		83F260B0210C87E800CC4D1F /* instagramCloneTests.xctest */ = {isa = PBXFileReference; explicitFileType = wrapper.cfbundle; includeInIndex = 0; path = instagramCloneTests.xctest; sourceTree = BUILT_PRODUCTS_DIR; };
		83F260B4210C87E800CC4D1F /* instagramCloneTests.swift */ = {isa = PBXFileReference; lastKnownFileType = sourcecode.swift; path = instagramCloneTests.swift; sourceTree = "<group>"; };
		83F260B6210C87E800CC4D1F /* Info.plist */ = {isa = PBXFileReference; lastKnownFileType = text.plist.xml; path = Info.plist; sourceTree = "<group>"; };
		83F260BB210C87E800CC4D1F /* instagramCloneUITests.xctest */ = {isa = PBXFileReference; explicitFileType = wrapper.cfbundle; includeInIndex = 0; path = instagramCloneUITests.xctest; sourceTree = BUILT_PRODUCTS_DIR; };
		83F260BF210C87E800CC4D1F /* instagramCloneUITests.swift */ = {isa = PBXFileReference; lastKnownFileType = sourcecode.swift; path = instagramCloneUITests.swift; sourceTree = "<group>"; };
		83F260C1210C87E800CC4D1F /* Info.plist */ = {isa = PBXFileReference; lastKnownFileType = text.plist.xml; path = Info.plist; sourceTree = "<group>"; };
/* End PBXFileReference section */

/* Begin PBXFrameworksBuildPhase section */
		83F26099210C87E400CC4D1F /* Frameworks */ = {
			isa = PBXFrameworksBuildPhase;
			buildActionMask = 2147483647;
			files = (
			);
			runOnlyForDeploymentPostprocessing = 0;
		};
		83F260AD210C87E800CC4D1F /* Frameworks */ = {
			isa = PBXFrameworksBuildPhase;
			buildActionMask = 2147483647;
			files = (
			);
			runOnlyForDeploymentPostprocessing = 0;
		};
		83F260B8210C87E800CC4D1F /* Frameworks */ = {
			isa = PBXFrameworksBuildPhase;
			buildActionMask = 2147483647;
			files = (
			);
			runOnlyForDeploymentPostprocessing = 0;
		};
/* End PBXFrameworksBuildPhase section */

/* Begin PBXGroup section */
		83F26093210C87E400CC4D1F = {
			isa = PBXGroup;
			children = (
				83F2609E210C87E400CC4D1F /* instagramClone */,
				83F260B3210C87E800CC4D1F /* instagramCloneTests */,
				83F260BE210C87E800CC4D1F /* instagramCloneUITests */,
				83F2609D210C87E400CC4D1F /* Products */,
			);
			sourceTree = "<group>";
		};
		83F2609D210C87E400CC4D1F /* Products */ = {
			isa = PBXGroup;
			children = (
				83F2609C210C87E400CC4D1F /* instagramClone.app */,
				83F260B0210C87E800CC4D1F /* instagramCloneTests.xctest */,
				83F260BB210C87E800CC4D1F /* instagramCloneUITests.xctest */,
			);
			name = Products;
			sourceTree = "<group>";
		};
		83F2609E210C87E400CC4D1F /* instagramClone */ = {
			isa = PBXGroup;
			children = (
				83F2609F210C87E400CC4D1F /* AppDelegate.swift */,
				83F260A1210C87E400CC4D1F /* ViewController.swift */,
				83F260A3210C87E400CC4D1F /* Main.storyboard */,
				83F260A6210C87E800CC4D1F /* Assets.xcassets */,
				83F260A8210C87E800CC4D1F /* LaunchScreen.storyboard */,
				83F260AB210C87E800CC4D1F /* Info.plist */,
			);
			path = instagramClone;
			sourceTree = "<group>";
		};
		83F260B3210C87E800CC4D1F /* instagramCloneTests */ = {
			isa = PBXGroup;
			children = (
				83F260B4210C87E800CC4D1F /* instagramCloneTests.swift */,
				83F260B6210C87E800CC4D1F /* Info.plist */,
			);
			path = instagramCloneTests;
			sourceTree = "<group>";
		};
		83F260BE210C87E800CC4D1F /* instagramCloneUITests */ = {
			isa = PBXGroup;
			children = (
				83F260BF210C87E800CC4D1F /* instagramCloneUITests.swift */,
				83F260C1210C87E800CC4D1F /* Info.plist */,
			);
			path = instagramCloneUITests;
			sourceTree = "<group>";
		};
/* End PBXGroup section */

/* Begin PBXNativeTarget section */
		83F2609B210C87E400CC4D1F /* instagramClone */ = {
			isa = PBXNativeTarget;
			buildConfigurationList = 83F260C4210C87E800CC4D1F /* Build configuration list for PBXNativeTarget "instagramClone" */;
			buildPhases = (
				83F26098210C87E400CC4D1F /* Sources */,
				83F26099210C87E400CC4D1F /* Frameworks */,
				83F2609A210C87E400CC4D1F /* Resources */,
			);
			buildRules = (
			);
			dependencies = (
			);
			name = instagramClone;
			productName = instagramClone;
			productReference = 83F2609C210C87E400CC4D1F /* instagramClone.app */;
			productType = "com.apple.product-type.application";
		};
		83F260AF210C87E800CC4D1F /* instagramCloneTests */ = {
			isa = PBXNativeTarget;
			buildConfigurationList = 83F260C7210C87E800CC4D1F /* Build configuration list for PBXNativeTarget "instagramCloneTests" */;
			buildPhases = (
				83F260AC210C87E800CC4D1F /* Sources */,
				83F260AD210C87E800CC4D1F /* Frameworks */,
				83F260AE210C87E800CC4D1F /* Resources */,
			);
			buildRules = (
			);
			dependencies = (
				83F260B2210C87E800CC4D1F /* PBXTargetDependency */,
			);
			name = instagramCloneTests;
			productName = instagramCloneTests;
			productReference = 83F260B0210C87E800CC4D1F /* instagramCloneTests.xctest */;
			productType = "com.apple.product-type.bundle.unit-test";
		};
		83F260BA210C87E800CC4D1F /* instagramCloneUITests */ = {
			isa = PBXNativeTarget;
			buildConfigurationList = 83F260CA210C87E800CC4D1F /* Build configuration list for PBXNativeTarget "instagramCloneUITests" */;
			buildPhases = (
				83F260B7210C87E800CC4D1F /* Sources */,
				83F260B8210C87E800CC4D1F /* Frameworks */,
				83F260B9210C87E800CC4D1F /* Resources */,
			);
			buildRules = (
			);
			dependencies = (
				83F260BD210C87E800CC4D1F /* PBXTargetDependency */,
			);
			name = instagramCloneUITests;
			productName = instagramCloneUITests;
			productReference = 83F260BB210C87E800CC4D1F /* instagramCloneUITests.xctest */;
			productType = "com.apple.product-type.bundle.ui-testing";
		};
/* End PBXNativeTarget section */

/* Begin PBXProject section */
		83F26094210C87E400CC4D1F /* Project object */ = {
			isa = PBXProject;
			attributes = {
				LastSwiftUpdateCheck = 0940;
				LastUpgradeCheck = 0940;
				ORGANIZATIONNAME = "tolga iskender";
				TargetAttributes = {
					83F2609B210C87E400CC4D1F = {
						CreatedOnToolsVersion = 9.4.1;
					};
					83F260AF210C87E800CC4D1F = {
						CreatedOnToolsVersion = 9.4.1;
						TestTargetID = 83F2609B210C87E400CC4D1F;
					};
					83F260BA210C87E800CC4D1F = {
						CreatedOnToolsVersion = 9.4.1;
						TestTargetID = 83F2609B210C87E400CC4D1F;
					};
				};
			};
			buildConfigurationList = 83F26097210C87E400CC4D1F /* Build configuration list for PBXProject "instagramClone" */;
			compatibilityVersion = "Xcode 9.3";
			developmentRegion = en;
			hasScannedForEncodings = 0;
			knownRegions = (
				en,
				Base,
			);
			mainGroup = 83F26093210C87E400CC4D1F;
			productRefGroup = 83F2609D210C87E400CC4D1F /* Products */;
			projectDirPath = "";
			projectRoot = "";
			targets = (
				83F2609B210C87E400CC4D1F /* instagramClone */,
				83F260AF210C87E800CC4D1F /* instagramCloneTests */,
				83F260BA210C87E800CC4D1F /* instagramCloneUITests */,
			);
		};
/* End PBXProject section */

/* Begin PBXResourcesBuildPhase section */
		83F2609A210C87E400CC4D1F /* Resources */ = {
			isa = PBXResourcesBuildPhase;
			buildActionMask = 2147483647;
			files = (
				83F260AA210C87E800CC4D1F /* LaunchScreen.storyboard in Resources */,
				83F260A7210C87E800CC4D1F /* Assets.xcassets in Resources */,
				83F260A5210C87E400CC4D1F /* Main.storyboard in Resources */,
			);
			runOnlyForDeploymentPostprocessing = 0;
		};
		83F260AE210C87E800CC4D1F /* Resources */ = {
			isa = PBXResourcesBuildPhase;
			buildActionMask = 2147483647;
			files = (
			);
			runOnlyForDeploymentPostprocessing = 0;
		};
		83F260B9210C87E800CC4D1F /* Resources */ = {
			isa = PBXResourcesBuildPhase;
			buildActionMask = 2147483647;
			files = (
			);
			runOnlyForDeploymentPostprocessing = 0;
		};
/* End PBXResourcesBuildPhase section */

/* Begin PBXSourcesBuildPhase section */
		83F26098210C87E400CC4D1F /* Sources */ = {
			isa = PBXSourcesBuildPhase;
			buildActionMask = 2147483647;
			files = (
				83F260A2210C87E400CC4D1F /* ViewController.swift in Sources */,
				83F260A0210C87E400CC4D1F /* AppDelegate.swift in Sources */,
			);
			runOnlyForDeploymentPostprocessing = 0;
		};
		83F260AC210C87E800CC4D1F /* Sources */ = {
			isa = PBXSourcesBuildPhase;
			buildActionMask = 2147483647;
			files = (
				83F260B5210C87E800CC4D1F /* instagramCloneTests.swift in Sources */,
			);
			runOnlyForDeploymentPostprocessing = 0;
		};
		83F260B7210C87E800CC4D1F /* Sources */ = {
			isa = PBXSourcesBuildPhase;
			buildActionMask = 2147483647;
			files = (
				83F260C0210C87E800CC4D1F /* instagramCloneUITests.swift in Sources */,
			);
			runOnlyForDeploymentPostprocessing = 0;
		};
/* End PBXSourcesBuildPhase section */

/* Begin PBXTargetDependency section */
		83F260B2210C87E800CC4D1F /* PBXTargetDependency */ = {
			isa = PBXTargetDependency;
			target = 83F2609B210C87E400CC4D1F /* instagramClone */;
			targetProxy = 83F260B1210C87E800CC4D1F /* PBXContainerItemProxy */;
		};
		83F260BD210C87E800CC4D1F /* PBXTargetDependency */ = {
			isa = PBXTargetDependency;
			target = 83F2609B210C87E400CC4D1F /* instagramClone */;
			targetProxy = 83F260BC210C87E800CC4D1F /* PBXContainerItemProxy */;
		};
/* End PBXTargetDependency section */

/* Begin PBXVariantGroup section */
		83F260A3210C87E400CC4D1F /* Main.storyboard */ = {
			isa = PBXVariantGroup;
			children = (
				83F260A4210C87E400CC4D1F /* Base */,
			);
			name = Main.storyboard;
			sourceTree = "<group>";
		};
		83F260A8210C87E800CC4D1F /* LaunchScreen.storyboard */ = {
			isa = PBXVariantGroup;
			children = (
				83F260A9210C87E800CC4D1F /* Base */,
			);
			name = LaunchScreen.storyboard;
			sourceTree = "<group>";
		};
/* End PBXVariantGroup section */

/* Begin XCBuildConfiguration section */
		83F260C2210C87E800CC4D1F /* Debug */ = {
			isa = XCBuildConfiguration;
			buildSettings = {
				ALWAYS_SEARCH_USER_PATHS = NO;
				CLANG_ANALYZER_NONNULL = YES;
				CLANG_ANALYZER_NUMBER_OBJECT_CONVERSION = YES_AGGRESSIVE;
				CLANG_CXX_LANGUAGE_STANDARD = "gnu++14";
				CLANG_CXX_LIBRARY = "libc++";
				CLANG_ENABLE_MODULES = YES;
				CLANG_ENABLE_OBJC_ARC = YES;
				CLANG_ENABLE_OBJC_WEAK = YES;
				CLANG_WARN_BLOCK_CAPTURE_AUTORELEASING = YES;
				CLANG_WARN_BOOL_CONVERSION = YES;
				CLANG_WARN_COMMA = YES;
				CLANG_WARN_CONSTANT_CONVERSION = YES;
				CLANG_WARN_DEPRECATED_OBJC_IMPLEMENTATIONS = YES;
				CLANG_WARN_DIRECT_OBJC_ISA_USAGE = YES_ERROR;
				CLANG_WARN_DOCUMENTATION_COMMENTS = YES;
				CLANG_WARN_EMPTY_BODY = YES;
				CLANG_WARN_ENUM_CONVERSION = YES;
				CLANG_WARN_INFINITE_RECURSION = YES;
				CLANG_WARN_INT_CONVERSION = YES;
				CLANG_WARN_NON_LITERAL_NULL_CONVERSION = YES;
				CLANG_WARN_OBJC_IMPLICIT_RETAIN_SELF = YES;
				CLANG_WARN_OBJC_LITERAL_CONVERSION = YES;
				CLANG_WARN_OBJC_ROOT_CLASS = YES_ERROR;
				CLANG_WARN_RANGE_LOOP_ANALYSIS = YES;
				CLANG_WARN_STRICT_PROTOTYPES = YES;
				CLANG_WARN_SUSPICIOUS_MOVE = YES;
				CLANG_WARN_UNGUARDED_AVAILABILITY = YES_AGGRESSIVE;
				CLANG_WARN_UNREACHABLE_CODE = YES;
				CLANG_WARN__DUPLICATE_METHOD_MATCH = YES;
				CODE_SIGN_IDENTITY = "iPhone Developer";
				COPY_PHASE_STRIP = NO;
				DEBUG_INFORMATION_FORMAT = dwarf;
				ENABLE_STRICT_OBJC_MSGSEND = YES;
				ENABLE_TESTABILITY = YES;
				GCC_C_LANGUAGE_STANDARD = gnu11;
				GCC_DYNAMIC_NO_PIC = NO;
				GCC_NO_COMMON_BLOCKS = YES;
				GCC_OPTIMIZATION_LEVEL = 0;
				GCC_PREPROCESSOR_DEFINITIONS = (
					"DEBUG=1",
					"$(inherited)",
				);
				GCC_WARN_64_TO_32_BIT_CONVERSION = YES;
				GCC_WARN_ABOUT_RETURN_TYPE = YES_ERROR;
				GCC_WARN_UNDECLARED_SELECTOR = YES;
				GCC_WARN_UNINITIALIZED_AUTOS = YES_AGGRESSIVE;
				GCC_WARN_UNUSED_FUNCTION = YES;
				GCC_WARN_UNUSED_VARIABLE = YES;
				IPHONEOS_DEPLOYMENT_TARGET = 11.4;
				MTL_ENABLE_DEBUG_INFO = YES;
				ONLY_ACTIVE_ARCH = YES;
				SDKROOT = iphoneos;
				SWIFT_ACTIVE_COMPILATION_CONDITIONS = DEBUG;
				SWIFT_OPTIMIZATION_LEVEL = "-Onone";
			};
			name = Debug;
		};
		83F260C3210C87E800CC4D1F /* Release */ = {
			isa = XCBuildConfiguration;
			buildSettings = {
				ALWAYS_SEARCH_USER_PATHS = NO;
				CLANG_ANALYZER_NONNULL = YES;
				CLANG_ANALYZER_NUMBER_OBJECT_CONVERSION = YES_AGGRESSIVE;
				CLANG_CXX_LANGUAGE_STANDARD = "gnu++14";
				CLANG_CXX_LIBRARY = "libc++";
				CLANG_ENABLE_MODULES = YES;
				CLANG_ENABLE_OBJC_ARC = YES;
				CLANG_ENABLE_OBJC_WEAK = YES;
				CLANG_WARN_BLOCK_CAPTURE_AUTORELEASING = YES;
				CLANG_WARN_BOOL_CONVERSION = YES;
				CLANG_WARN_COMMA = YES;
				CLANG_WARN_CONSTANT_CONVERSION = YES;
				CLANG_WARN_DEPRECATED_OBJC_IMPLEMENTATIONS = YES;
				CLANG_WARN_DIRECT_OBJC_ISA_USAGE = YES_ERROR;
				CLANG_WARN_DOCUMENTATION_COMMENTS = YES;
				CLANG_WARN_EMPTY_BODY = YES;
				CLANG_WARN_ENUM_CONVERSION = YES;
				CLANG_WARN_INFINITE_RECURSION = YES;
				CLANG_WARN_INT_CONVERSION = YES;
				CLANG_WARN_NON_LITERAL_NULL_CONVERSION = YES;
				CLANG_WARN_OBJC_IMPLICIT_RETAIN_SELF = YES;
				CLANG_WARN_OBJC_LITERAL_CONVERSION = YES;
				CLANG_WARN_OBJC_ROOT_CLASS = YES_ERROR;
				CLANG_WARN_RANGE_LOOP_ANALYSIS = YES;
				CLANG_WARN_STRICT_PROTOTYPES = YES;
				CLANG_WARN_SUSPICIOUS_MOVE = YES;
				CLANG_WARN_UNGUARDED_AVAILABILITY = YES_AGGRESSIVE;
				CLANG_WARN_UNREACHABLE_CODE = YES;
				CLANG_WARN__DUPLICATE_METHOD_MATCH = YES;
				CODE_SIGN_IDENTITY = "iPhone Developer";
				COPY_PHASE_STRIP = NO;
				DEBUG_INFORMATION_FORMAT = "dwarf-with-dsym";
				ENABLE_NS_ASSERTIONS = NO;
				ENABLE_STRICT_OBJC_MSGSEND = YES;
				GCC_C_LANGUAGE_STANDARD = gnu11;
				GCC_NO_COMMON_BLOCKS = YES;
				GCC_WARN_64_TO_32_BIT_CONVERSION = YES;
				GCC_WARN_ABOUT_RETURN_TYPE = YES_ERROR;
				GCC_WARN_UNDECLARED_SELECTOR = YES;
				GCC_WARN_UNINITIALIZED_AUTOS = YES_AGGRESSIVE;
				GCC_WARN_UNUSED_FUNCTION = YES;
				GCC_WARN_UNUSED_VARIABLE = YES;
				IPHONEOS_DEPLOYMENT_TARGET = 11.4;
				MTL_ENABLE_DEBUG_INFO = NO;
				SDKROOT = iphoneos;
				SWIFT_COMPILATION_MODE = wholemodule;
				SWIFT_OPTIMIZATION_LEVEL = "-O";
				VALIDATE_PRODUCT = YES;
			};
			name = Release;
		};
		83F260C5210C87E800CC4D1F /* Debug */ = {
			isa = XCBuildConfiguration;
			buildSettings = {
				ASSETCATALOG_COMPILER_APPICON_NAME = AppIcon;
				CODE_SIGN_STYLE = Automatic;
				INFOPLIST_FILE = instagramClone/Info.plist;
				LD_RUNPATH_SEARCH_PATHS = (
					"$(inherited)",
					"@executable_path/Frameworks",
				);
				PRODUCT_BUNDLE_IDENTIFIER = tolga.instagramClone;
				PRODUCT_NAME = "$(TARGET_NAME)";
				SWIFT_VERSION = 4.0;
				TARGETED_DEVICE_FAMILY = "1,2";
			};
			name = Debug;
		};
		83F260C6210C87E800CC4D1F /* Release */ = {
			isa = XCBuildConfiguration;
			buildSettings = {
				ASSETCATALOG_COMPILER_APPICON_NAME = AppIcon;
				CODE_SIGN_STYLE = Automatic;
				INFOPLIST_FILE = instagramClone/Info.plist;
				LD_RUNPATH_SEARCH_PATHS = (
					"$(inherited)",
					"@executable_path/Frameworks",
				);
				PRODUCT_BUNDLE_IDENTIFIER = tolga.instagramClone;
				PRODUCT_NAME = "$(TARGET_NAME)";
				SWIFT_VERSION = 4.0;
				TARGETED_DEVICE_FAMILY = "1,2";
			};
			name = Release;
		};
		83F260C8210C87E800CC4D1F /* Debug */ = {
			isa = XCBuildConfiguration;
			buildSettings = {
				ALWAYS_EMBED_SWIFT_STANDARD_LIBRARIES = YES;
				BUNDLE_LOADER = "$(TEST_HOST)";
				CODE_SIGN_STYLE = Automatic;
				INFOPLIST_FILE = instagramCloneTests/Info.plist;
				LD_RUNPATH_SEARCH_PATHS = (
					"$(inherited)",
					"@executable_path/Frameworks",
					"@loader_path/Frameworks",
				);
				PRODUCT_BUNDLE_IDENTIFIER = tolga.instagramCloneTests;
				PRODUCT_NAME = "$(TARGET_NAME)";
				SWIFT_VERSION = 4.0;
				TARGETED_DEVICE_FAMILY = "1,2";
				TEST_HOST = "$(BUILT_PRODUCTS_DIR)/instagramClone.app/instagramClone";
			};
			name = Debug;
		};
		83F260C9210C87E800CC4D1F /* Release */ = {
			isa = XCBuildConfiguration;
			buildSettings = {
				ALWAYS_EMBED_SWIFT_STANDARD_LIBRARIES = YES;
				BUNDLE_LOADER = "$(TEST_HOST)";
				CODE_SIGN_STYLE = Automatic;
				INFOPLIST_FILE = instagramCloneTests/Info.plist;
				LD_RUNPATH_SEARCH_PATHS = (
					"$(inherited)",
					"@executable_path/Frameworks",
					"@loader_path/Frameworks",
				);
				PRODUCT_BUNDLE_IDENTIFIER = tolga.instagramCloneTests;
				PRODUCT_NAME = "$(TARGET_NAME)";
				SWIFT_VERSION = 4.0;
				TARGETED_DEVICE_FAMILY = "1,2";
				TEST_HOST = "$(BUILT_PRODUCTS_DIR)/instagramClone.app/instagramClone";
			};
			name = Release;
		};
		83F260CB210C87E800CC4D1F /* Debug */ = {
			isa = XCBuildConfiguration;
			buildSettings = {
				ALWAYS_EMBED_SWIFT_STANDARD_LIBRARIES = YES;
				CODE_SIGN_STYLE = Automatic;
				INFOPLIST_FILE = instagramCloneUITests/Info.plist;
				LD_RUNPATH_SEARCH_PATHS = (
					"$(inherited)",
					"@executable_path/Frameworks",
					"@loader_path/Frameworks",
				);
				PRODUCT_BUNDLE_IDENTIFIER = tolga.instagramCloneUITests;
				PRODUCT_NAME = "$(TARGET_NAME)";
				SWIFT_VERSION = 4.0;
				TARGETED_DEVICE_FAMILY = "1,2";
				TEST_TARGET_NAME = instagramClone;
			};
			name = Debug;
		};
		83F260CC210C87E800CC4D1F /* Release */ = {
			isa = XCBuildConfiguration;
			buildSettings = {
				ALWAYS_EMBED_SWIFT_STANDARD_LIBRARIES = YES;
				CODE_SIGN_STYLE = Automatic;
				INFOPLIST_FILE = instagramCloneUITests/Info.plist;
				LD_RUNPATH_SEARCH_PATHS = (
					"$(inherited)",
					"@executable_path/Frameworks",
					"@loader_path/Frameworks",
				);
				PRODUCT_BUNDLE_IDENTIFIER = tolga.instagramCloneUITests;
				PRODUCT_NAME = "$(TARGET_NAME)";
				SWIFT_VERSION = 4.0;
				TARGETED_DEVICE_FAMILY = "1,2";
				TEST_TARGET_NAME = instagramClone;
			};
			name = Release;
		};
/* End XCBuildConfiguration section */

/* Begin XCConfigurationList section */
		83F26097210C87E400CC4D1F /* Build configuration list for PBXProject "instagramClone" */ = {
			isa = XCConfigurationList;
			buildConfigurations = (
				83F260C2210C87E800CC4D1F /* Debug */,
				83F260C3210C87E800CC4D1F /* Release */,
			);
			defaultConfigurationIsVisible = 0;
			defaultConfigurationName = Release;
		};
		83F260C4210C87E800CC4D1F /* Build configuration list for PBXNativeTarget "instagramClone" */ = {
			isa = XCConfigurationList;
			buildConfigurations = (
				83F260C5210C87E800CC4D1F /* Debug */,
				83F260C6210C87E800CC4D1F /* Release */,
			);
			defaultConfigurationIsVisible = 0;
			defaultConfigurationName = Release;
		};
		83F260C7210C87E800CC4D1F /* Build configuration list for PBXNativeTarget "instagramCloneTests" */ = {
			isa = XCConfigurationList;
			buildConfigurations = (
				83F260C8210C87E800CC4D1F /* Debug */,
				83F260C9210C87E800CC4D1F /* Release */,
			);
			defaultConfigurationIsVisible = 0;
			defaultConfigurationName = Release;
		};
		83F260CA210C87E800CC4D1F /* Build configuration list for PBXNativeTarget "instagramCloneUITests" */ = {
			isa = XCConfigurationList;
			buildConfigurations = (
				83F260CB210C87E800CC4D1F /* Debug */,
				83F260CC210C87E800CC4D1F /* Release */,
			);
			defaultConfigurationIsVisible = 0;
			defaultConfigurationName = Release;
		};
/* End XCConfigurationList section */
	};
	rootObject = 83F26094210C87E400CC4D1F /* Project object */;
}
