// !$*UTF8*$!
{
	archiveVersion = 1;
	classes = {
	};
	objectVersion = 50;
	objects = {

/* Begin PBXBuildFile section */
		24F73BD9C1DBF35897E492B9 /* Pods_instagramCloneUITests.framework in Frameworks */ = {isa = PBXBuildFile; fileRef = 692C91DAFA6A6FC14ABBD4B6 /* Pods_instagramCloneUITests.framework */; };
		830EA398210DC4CC0088D9C6 /* AuthService.swift in Sources */ = {isa = PBXBuildFile; fileRef = 830EA397210DC4CC0088D9C6 /* AuthService.swift */; };
		830EA39A210DCFE90088D9C6 /* Config.swift in Sources */ = {isa = PBXBuildFile; fileRef = 830EA399210DCFE90088D9C6 /* Config.swift */; };
		830EA39F210DD23F0088D9C6 /* ProgressHUD.m in Sources */ = {isa = PBXBuildFile; fileRef = 830EA39D210DD23E0088D9C6 /* ProgressHUD.m */; };
		830EA3A0210DD23F0088D9C6 /* ProgressHUD.bundle in Resources */ = {isa = PBXBuildFile; fileRef = 830EA39E210DD23E0088D9C6 /* ProgressHUD.bundle */; };
		830EA3A4210DFA610088D9C6 /* Post.swift in Sources */ = {isa = PBXBuildFile; fileRef = 830EA3A3210DFA610088D9C6 /* Post.swift */; };
		83D75914211099D000B57820 /* postCellTableViewCell.swift in Sources */ = {isa = PBXBuildFile; fileRef = 83D75913211099D000B57820 /* postCellTableViewCell.swift */; };
		83D7591621109CA700B57820 /* postCollectionViewCell.swift in Sources */ = {isa = PBXBuildFile; fileRef = 83D7591521109CA700B57820 /* postCollectionViewCell.swift */; };
		83F260A0210C87E400CC4D1F /* AppDelegate.swift in Sources */ = {isa = PBXBuildFile; fileRef = 83F2609F210C87E400CC4D1F /* AppDelegate.swift */; };
		83F260A2210C87E400CC4D1F /* ViewController.swift in Sources */ = {isa = PBXBuildFile; fileRef = 83F260A1210C87E400CC4D1F /* ViewController.swift */; };
		83F260A5210C87E400CC4D1F /* Main.storyboard in Resources */ = {isa = PBXBuildFile; fileRef = 83F260A3210C87E400CC4D1F /* Main.storyboard */; };
		83F260A7210C87E800CC4D1F /* Assets.xcassets in Resources */ = {isa = PBXBuildFile; fileRef = 83F260A6210C87E800CC4D1F /* Assets.xcassets */; };
		83F260AA210C87E800CC4D1F /* LaunchScreen.storyboard in Resources */ = {isa = PBXBuildFile; fileRef = 83F260A8210C87E800CC4D1F /* LaunchScreen.storyboard */; };
		83F260B5210C87E800CC4D1F /* instagramCloneTests.swift in Sources */ = {isa = PBXBuildFile; fileRef = 83F260B4210C87E800CC4D1F /* instagramCloneTests.swift */; };
		83F260C0210C87E800CC4D1F /* instagramCloneUITests.swift in Sources */ = {isa = PBXBuildFile; fileRef = 83F260BF210C87E800CC4D1F /* instagramCloneUITests.swift */; };
		83F260CE210C8DF400CC4D1F /* SignUpViewController.swift in Sources */ = {isa = PBXBuildFile; fileRef = 83F260CD210C8DF400CC4D1F /* SignUpViewController.swift */; };
		83F260D0210CA6AF00CC4D1F /* HomeViewController.swift in Sources */ = {isa = PBXBuildFile; fileRef = 83F260CF210CA6AE00CC4D1F /* HomeViewController.swift */; };
		83F260D2210CA6ED00CC4D1F /* DiscoverViewController.swift in Sources */ = {isa = PBXBuildFile; fileRef = 83F260D1210CA6ED00CC4D1F /* DiscoverViewController.swift */; };
		83F260D4210CA71C00CC4D1F /* CameraViewController.swift in Sources */ = {isa = PBXBuildFile; fileRef = 83F260D3210CA71C00CC4D1F /* CameraViewController.swift */; };
		83F260D6210CA72A00CC4D1F /* ActivityViewController.swift in Sources */ = {isa = PBXBuildFile; fileRef = 83F260D5210CA72A00CC4D1F /* ActivityViewController.swift */; };
		83F260D8210CA73700CC4D1F /* ProfileViewController.swift in Sources */ = {isa = PBXBuildFile; fileRef = 83F260D7210CA73700CC4D1F /* ProfileViewController.swift */; };
		83F260DB210CAC9500CC4D1F /* Main2.storyboard in Resources */ = {isa = PBXBuildFile; fileRef = 83F260D9210CAC9500CC4D1F /* Main2.storyboard */; };
		83F260DE210CAEC800CC4D1F /* Home.storyboard in Resources */ = {isa = PBXBuildFile; fileRef = 83F260DC210CAEC800CC4D1F /* Home.storyboard */; };
		83F260E0210CAF0A00CC4D1F /* Discover.storyboard in Resources */ = {isa = PBXBuildFile; fileRef = 83F260DF210CAF0A00CC4D1F /* Discover.storyboard */; };
		83F260E3210CB07200CC4D1F /* Camera.storyboard in Resources */ = {isa = PBXBuildFile; fileRef = 83F260E1210CB07200CC4D1F /* Camera.storyboard */; };
		83F260E5210CB09D00CC4D1F /* Activity.storyboard in Resources */ = {isa = PBXBuildFile; fileRef = 83F260E4210CB09D00CC4D1F /* Activity.storyboard */; };
		83F260E8210CB0C500CC4D1F /* Profile.storyboard in Resources */ = {isa = PBXBuildFile; fileRef = 83F260E6210CB0C500CC4D1F /* Profile.storyboard */; };
		83F260EC210CBA9C00CC4D1F /* GoogleService-Info.plist in Resources */ = {isa = PBXBuildFile; fileRef = 83F260EB210CBA9C00CC4D1F /* GoogleService-Info.plist */; };
		83FC7771210FB6620095281B /* EditViewController.swift in Sources */ = {isa = PBXBuildFile; fileRef = 83FC7770210FB6620095281B /* EditViewController.swift */; };
		8AA2C644A2A128552831E146 /* Pods_instagramClone.framework in Frameworks */ = {isa = PBXBuildFile; fileRef = BCE7D03BE6A9A18E1FE57DF7 /* Pods_instagramClone.framework */; };
		F97EFB545F868217980ADB20 /* Pods_instagramCloneTests.framework in Frameworks */ = {isa = PBXBuildFile; fileRef = 8A639B165909179E6F13C376 /* Pods_instagramCloneTests.framework */; };
/* End PBXBuildFile section */

/* Begin PBXContainerItemProxy section */
		83F260B1210C87E800CC4D1F /* PBXContainerItemProxy */ = {
			isa = PBXContainerItemProxy;
			containerPortal = 83F26094210C87E400CC4D1F /* Project object */;
			proxyType = 1;
			remoteGlobalIDString = 83F2609B210C87E400CC4D1F;
			remoteInfo = instagramClone;
		};
		83F260BC210C87E800CC4D1F /* PBXContainerItemProxy */ = {
			isa = PBXContainerItemProxy;
			containerPortal = 83F26094210C87E400CC4D1F /* Project object */;
			proxyType = 1;
			remoteGlobalIDString = 83F2609B210C87E400CC4D1F;
			remoteInfo = instagramClone;
		};
/* End PBXContainerItemProxy section */

/* Begin PBXFileReference section */
		08EC93A1BF1C06F3024EDBC2 /* Pods-instagramClone.debug.xcconfig */ = {isa = PBXFileReference; includeInIndex = 1; lastKnownFileType = text.xcconfig; name = "Pods-instagramClone.debug.xcconfig"; path = "Pods/Target Support Files/Pods-instagramClone/Pods-instagramClone.debug.xcconfig"; sourceTree = "<group>"; };
		35B1297C32FD0E9F84904AE5 /* Pods-instagramCloneUITests.debug.xcconfig */ = {isa = PBXFileReference; includeInIndex = 1; lastKnownFileType = text.xcconfig; name = "Pods-instagramCloneUITests.debug.xcconfig"; path = "Pods/Target Support Files/Pods-instagramCloneUITests/Pods-instagramCloneUITests.debug.xcconfig"; sourceTree = "<group>"; };
		5D2E8904A152700463A6DE78 /* Pods-instagramCloneUITests.release.xcconfig */ = {isa = PBXFileReference; includeInIndex = 1; lastKnownFileType = text.xcconfig; name = "Pods-instagramCloneUITests.release.xcconfig"; path = "Pods/Target Support Files/Pods-instagramCloneUITests/Pods-instagramCloneUITests.release.xcconfig"; sourceTree = "<group>"; };
		692C91DAFA6A6FC14ABBD4B6 /* Pods_instagramCloneUITests.framework */ = {isa = PBXFileReference; explicitFileType = wrapper.framework; includeInIndex = 0; path = Pods_instagramCloneUITests.framework; sourceTree = BUILT_PRODUCTS_DIR; };
		7A16B0FBD5A90FDE6D55E626 /* Pods-instagramCloneTests.debug.xcconfig */ = {isa = PBXFileReference; includeInIndex = 1; lastKnownFileType = text.xcconfig; name = "Pods-instagramCloneTests.debug.xcconfig"; path = "Pods/Target Support Files/Pods-instagramCloneTests/Pods-instagramCloneTests.debug.xcconfig"; sourceTree = "<group>"; };
		7B72B3ED7D83C8A137DFF8B9 /* Pods-instagramClone.release.xcconfig */ = {isa = PBXFileReference; includeInIndex = 1; lastKnownFileType = text.xcconfig; name = "Pods-instagramClone.release.xcconfig"; path = "Pods/Target Support Files/Pods-instagramClone/Pods-instagramClone.release.xcconfig"; sourceTree = "<group>"; };
		830EA397210DC4CC0088D9C6 /* AuthService.swift */ = {isa = PBXFileReference; lastKnownFileType = sourcecode.swift; path = AuthService.swift; sourceTree = "<group>"; };
		830EA399210DCFE90088D9C6 /* Config.swift */ = {isa = PBXFileReference; lastKnownFileType = sourcecode.swift; path = Config.swift; sourceTree = "<group>"; };
		830EA39B210DD23C0088D9C6 /* instagramClone-Bridging-Header.h */ = {isa = PBXFileReference; lastKnownFileType = sourcecode.c.h; path = "instagramClone-Bridging-Header.h"; sourceTree = "<group>"; };
		830EA39C210DD23D0088D9C6 /* ProgressHUD.h */ = {isa = PBXFileReference; fileEncoding = 4; lastKnownFileType = sourcecode.c.h; path = ProgressHUD.h; sourceTree = "<group>"; };
		830EA39D210DD23E0088D9C6 /* ProgressHUD.m */ = {isa = PBXFileReference; fileEncoding = 4; lastKnownFileType = sourcecode.c.objc; path = ProgressHUD.m; sourceTree = "<group>"; };
		830EA39E210DD23E0088D9C6 /* ProgressHUD.bundle */ = {isa = PBXFileReference; lastKnownFileType = "wrapper.plug-in"; path = ProgressHUD.bundle; sourceTree = "<group>"; };
		830EA3A3210DFA610088D9C6 /* Post.swift */ = {isa = PBXFileReference; lastKnownFileType = sourcecode.swift; path = Post.swift; sourceTree = "<group>"; };
		83D75913211099D000B57820 /* postCellTableViewCell.swift */ = {isa = PBXFileReference; lastKnownFileType = sourcecode.swift; path = postCellTableViewCell.swift; sourceTree = "<group>"; };
		83D7591521109CA700B57820 /* postCollectionViewCell.swift */ = {isa = PBXFileReference; lastKnownFileType = sourcecode.swift; path = postCollectionViewCell.swift; sourceTree = "<group>"; };
		83F2609C210C87E400CC4D1F /* instagramClone.app */ = {isa = PBXFileReference; explicitFileType = wrapper.application; includeInIndex = 0; path = instagramClone.app; sourceTree = BUILT_PRODUCTS_DIR; };
		83F2609F210C87E400CC4D1F /* AppDelegate.swift */ = {isa = PBXFileReference; lastKnownFileType = sourcecode.swift; path = AppDelegate.swift; sourceTree = "<group>"; };
		83F260A1210C87E400CC4D1F /* ViewController.swift */ = {isa = PBXFileReference; lastKnownFileType = sourcecode.swift; path = ViewController.swift; sourceTree = "<group>"; };
		83F260A4210C87E400CC4D1F /* Base */ = {isa = PBXFileReference; lastKnownFileType = file.storyboard; name = Base; path = Base.lproj/Main.storyboard; sourceTree = "<group>"; };
		83F260A6210C87E800CC4D1F /* Assets.xcassets */ = {isa = PBXFileReference; lastKnownFileType = folder.assetcatalog; path = Assets.xcassets; sourceTree = "<group>"; };
		83F260A9210C87E800CC4D1F /* Base */ = {isa = PBXFileReference; lastKnownFileType = file.storyboard; name = Base; path = Base.lproj/LaunchScreen.storyboard; sourceTree = "<group>"; };
		83F260AB210C87E800CC4D1F /* Info.plist */ = {isa = PBXFileReference; lastKnownFileType = text.plist.xml; path = Info.plist; sourceTree = "<group>"; };
		83F260B0210C87E800CC4D1F /* instagramCloneTests.xctest */ = {isa = PBXFileReference; explicitFileType = wrapper.cfbundle; includeInIndex = 0; path = instagramCloneTests.xctest; sourceTree = BUILT_PRODUCTS_DIR; };
		83F260B4210C87E800CC4D1F /* instagramCloneTests.swift */ = {isa = PBXFileReference; lastKnownFileType = sourcecode.swift; path = instagramCloneTests.swift; sourceTree = "<group>"; };
		83F260B6210C87E800CC4D1F /* Info.plist */ = {isa = PBXFileReference; lastKnownFileType = text.plist.xml; path = Info.plist; sourceTree = "<group>"; };
		83F260BB210C87E800CC4D1F /* instagramCloneUITests.xctest */ = {isa = PBXFileReference; explicitFileType = wrapper.cfbundle; includeInIndex = 0; path = instagramCloneUITests.xctest; sourceTree = BUILT_PRODUCTS_DIR; };
		83F260BF210C87E800CC4D1F /* instagramCloneUITests.swift */ = {isa = PBXFileReference; lastKnownFileType = sourcecode.swift; path = instagramCloneUITests.swift; sourceTree = "<group>"; };
		83F260C1210C87E800CC4D1F /* Info.plist */ = {isa = PBXFileReference; lastKnownFileType = text.plist.xml; path = Info.plist; sourceTree = "<group>"; };
		83F260CD210C8DF400CC4D1F /* SignUpViewController.swift */ = {isa = PBXFileReference; lastKnownFileType = sourcecode.swift; path = SignUpViewController.swift; sourceTree = "<group>"; };
		83F260CF210CA6AE00CC4D1F /* HomeViewController.swift */ = {isa = PBXFileReference; lastKnownFileType = sourcecode.swift; path = HomeViewController.swift; sourceTree = "<group>"; };
		83F260D1210CA6ED00CC4D1F /* DiscoverViewController.swift */ = {isa = PBXFileReference; lastKnownFileType = sourcecode.swift; path = DiscoverViewController.swift; sourceTree = "<group>"; };
		83F260D3210CA71C00CC4D1F /* CameraViewController.swift */ = {isa = PBXFileReference; lastKnownFileType = sourcecode.swift; path = CameraViewController.swift; sourceTree = "<group>"; };
		83F260D5210CA72A00CC4D1F /* ActivityViewController.swift */ = {isa = PBXFileReference; lastKnownFileType = sourcecode.swift; path = ActivityViewController.swift; sourceTree = "<group>"; };
		83F260D7210CA73700CC4D1F /* ProfileViewController.swift */ = {isa = PBXFileReference; lastKnownFileType = sourcecode.swift; path = ProfileViewController.swift; sourceTree = "<group>"; };
		83F260DA210CAC9500CC4D1F /* Base */ = {isa = PBXFileReference; lastKnownFileType = file.storyboard; name = Base; path = instagramClone/Base.lproj/Main2.storyboard; sourceTree = "<group>"; };
		83F260DD210CAEC800CC4D1F /* Base */ = {isa = PBXFileReference; lastKnownFileType = file.storyboard; name = Base; path = instagramClone/instagramClone/Base.lproj/Home.storyboard; sourceTree = "<group>"; };
		83F260DF210CAF0A00CC4D1F /* Discover.storyboard */ = {isa = PBXFileReference; fileEncoding = 4; lastKnownFileType = file.storyboard; path = Discover.storyboard; sourceTree = "<group>"; };
		83F260E2210CB07200CC4D1F /* Base */ = {isa = PBXFileReference; lastKnownFileType = file.storyboard; name = Base; path = instagramClone/instagramClone/Base.lproj/Camera.storyboard; sourceTree = "<group>"; };
		83F260E4210CB09D00CC4D1F /* Activity.storyboard */ = {isa = PBXFileReference; fileEncoding = 4; lastKnownFileType = file.storyboard; path = Activity.storyboard; sourceTree = "<group>"; };
		83F260E7210CB0C500CC4D1F /* Base */ = {isa = PBXFileReference; lastKnownFileType = file.storyboard; name = Base; path = instagramClone/instagramClone/Base.lproj/Profile.storyboard; sourceTree = "<group>"; };
		83F260EB210CBA9C00CC4D1F /* GoogleService-Info.plist */ = {isa = PBXFileReference; fileEncoding = 4; lastKnownFileType = text.plist.xml; path = "GoogleService-Info.plist"; sourceTree = "<group>"; };
		83FC7770210FB6620095281B /* EditViewController.swift */ = {isa = PBXFileReference; lastKnownFileType = sourcecode.swift; path = EditViewController.swift; sourceTree = "<group>"; };
		8A639B165909179E6F13C376 /* Pods_instagramCloneTests.framework */ = {isa = PBXFileReference; explicitFileType = wrapper.framework; includeInIndex = 0; path = Pods_instagramCloneTests.framework; sourceTree = BUILT_PRODUCTS_DIR; };
		929F68488302AE8FCE1D1209 /* Pods-instagramCloneTests.release.xcconfig */ = {isa = PBXFileReference; includeInIndex = 1; lastKnownFileType = text.xcconfig; name = "Pods-instagramCloneTests.release.xcconfig"; path = "Pods/Target Support Files/Pods-instagramCloneTests/Pods-instagramCloneTests.release.xcconfig"; sourceTree = "<group>"; };
		BCE7D03BE6A9A18E1FE57DF7 /* Pods_instagramClone.framework */ = {isa = PBXFileReference; explicitFileType = wrapper.framework; includeInIndex = 0; path = Pods_instagramClone.framework; sourceTree = BUILT_PRODUCTS_DIR; };
/* End PBXFileReference section */

/* Begin PBXFrameworksBuildPhase section */
		83F26099210C87E400CC4D1F /* Frameworks */ = {
			isa = PBXFrameworksBuildPhase;
			buildActionMask = 2147483647;
			files = (
				8AA2C644A2A128552831E146 /* Pods_instagramClone.framework in Frameworks */,
			);
			runOnlyForDeploymentPostprocessing = 0;
		};
		83F260AD210C87E800CC4D1F /* Frameworks */ = {
			isa = PBXFrameworksBuildPhase;
			buildActionMask = 2147483647;
			files = (
				F97EFB545F868217980ADB20 /* Pods_instagramCloneTests.framework in Frameworks */,
			);
			runOnlyForDeploymentPostprocessing = 0;
		};
		83F260B8210C87E800CC4D1F /* Frameworks */ = {
			isa = PBXFrameworksBuildPhase;
			buildActionMask = 2147483647;
			files = (
				24F73BD9C1DBF35897E492B9 /* Pods_instagramCloneUITests.framework in Frameworks */,
			);
			runOnlyForDeploymentPostprocessing = 0;
		};
/* End PBXFrameworksBuildPhase section */

/* Begin PBXGroup section */
		6A52538F07B4C6E303A8676B /* Frameworks */ = {
			isa = PBXGroup;
			children = (
				BCE7D03BE6A9A18E1FE57DF7 /* Pods_instagramClone.framework */,
				8A639B165909179E6F13C376 /* Pods_instagramCloneTests.framework */,
				692C91DAFA6A6FC14ABBD4B6 /* Pods_instagramCloneUITests.framework */,
			);
			name = Frameworks;
			sourceTree = "<group>";
		};
		830EA3A2210DFA4F0088D9C6 /* Model */ = {
			isa = PBXGroup;
			children = (
				830EA3A3210DFA610088D9C6 /* Post.swift */,
			);
			path = Model;
			sourceTree = "<group>";
		};
		83D75910211098B200B57820 /* View */ = {
			isa = PBXGroup;
			children = (
				83D75913211099D000B57820 /* postCellTableViewCell.swift */,
				83D7591521109CA700B57820 /* postCollectionViewCell.swift */,
			);
			path = View;
			sourceTree = "<group>";
		};
		83F26093210C87E400CC4D1F = {
			isa = PBXGroup;
			children = (
				83F2609E210C87E400CC4D1F /* instagramClone */,
				83F260B3210C87E800CC4D1F /* instagramCloneTests */,
				83F260BE210C87E800CC4D1F /* instagramCloneUITests */,
				83F2609D210C87E400CC4D1F /* Products */,
				DA8C3A14A9A9642CE548DF35 /* Pods */,
				6A52538F07B4C6E303A8676B /* Frameworks */,
			);
			sourceTree = "<group>";
		};
		83F2609D210C87E400CC4D1F /* Products */ = {
			isa = PBXGroup;
			children = (
				83F2609C210C87E400CC4D1F /* instagramClone.app */,
				83F260B0210C87E800CC4D1F /* instagramCloneTests.xctest */,
				83F260BB210C87E800CC4D1F /* instagramCloneUITests.xctest */,
			);
			name = Products;
			sourceTree = "<group>";
		};
		83F2609E210C87E400CC4D1F /* instagramClone */ = {
			isa = PBXGroup;
			children = (
				83F2609F210C87E400CC4D1F /* AppDelegate.swift */,
				830EA397210DC4CC0088D9C6 /* AuthService.swift */,
				830EA399210DCFE90088D9C6 /* Config.swift */,
				830EA3A2210DFA4F0088D9C6 /* Model */,
				83D75910211098B200B57820 /* View */,
				83F260E9210CB8CE00CC4D1F /* Controller */,
				83F260EA210CB8F000CC4D1F /* StoryBorad */,
				83F260A8210C87E800CC4D1F /* LaunchScreen.storyboard */,
				830EA39E210DD23E0088D9C6 /* ProgressHUD.bundle */,
				830EA39C210DD23D0088D9C6 /* ProgressHUD.h */,
				830EA39D210DD23E0088D9C6 /* ProgressHUD.m */,
				83F260A6210C87E800CC4D1F /* Assets.xcassets */,
				83F260AB210C87E800CC4D1F /* Info.plist */,
				83F260EB210CBA9C00CC4D1F /* GoogleService-Info.plist */,
				830EA39B210DD23C0088D9C6 /* instagramClone-Bridging-Header.h */,
			);
			path = instagramClone;
			sourceTree = "<group>";
		};
		83F260B3210C87E800CC4D1F /* instagramCloneTests */ = {
			isa = PBXGroup;
			children = (
				83F260B4210C87E800CC4D1F /* instagramCloneTests.swift */,
				83F260B6210C87E800CC4D1F /* Info.plist */,
			);
			path = instagramCloneTests;
			sourceTree = "<group>";
		};
		83F260BE210C87E800CC4D1F /* instagramCloneUITests */ = {
			isa = PBXGroup;
			children = (
				83F260BF210C87E800CC4D1F /* instagramCloneUITests.swift */,
				83F260C1210C87E800CC4D1F /* Info.plist */,
			);
			path = instagramCloneUITests;
			sourceTree = "<group>";
		};
		83F260E9210CB8CE00CC4D1F /* Controller */ = {
			isa = PBXGroup;
			children = (
				83F260A1210C87E400CC4D1F /* ViewController.swift */,
				83F260CD210C8DF400CC4D1F /* SignUpViewController.swift */,
				83F260CF210CA6AE00CC4D1F /* HomeViewController.swift */,
				83F260D1210CA6ED00CC4D1F /* DiscoverViewController.swift */,
				83F260D3210CA71C00CC4D1F /* CameraViewController.swift */,
				83F260D5210CA72A00CC4D1F /* ActivityViewController.swift */,
				83F260D7210CA73700CC4D1F /* ProfileViewController.swift */,
				83FC7770210FB6620095281B /* EditViewController.swift */,
			);
			path = Controller;
			sourceTree = "<group>";
		};
		83F260EA210CB8F000CC4D1F /* StoryBorad */ = {
			isa = PBXGroup;
			children = (
				83F260E4210CB09D00CC4D1F /* Activity.storyboard */,
				83F260E1210CB07200CC4D1F /* Camera.storyboard */,
				83F260DF210CAF0A00CC4D1F /* Discover.storyboard */,
				83F260DC210CAEC800CC4D1F /* Home.storyboard */,
				83F260A3210C87E400CC4D1F /* Main.storyboard */,
				83F260D9210CAC9500CC4D1F /* Main2.storyboard */,
				83F260E6210CB0C500CC4D1F /* Profile.storyboard */,
			);
			path = StoryBorad;
			sourceTree = "<group>";
		};
		DA8C3A14A9A9642CE548DF35 /* Pods */ = {
			isa = PBXGroup;
			children = (
				08EC93A1BF1C06F3024EDBC2 /* Pods-instagramClone.debug.xcconfig */,
				7B72B3ED7D83C8A137DFF8B9 /* Pods-instagramClone.release.xcconfig */,
				7A16B0FBD5A90FDE6D55E626 /* Pods-instagramCloneTests.debug.xcconfig */,
				929F68488302AE8FCE1D1209 /* Pods-instagramCloneTests.release.xcconfig */,
				35B1297C32FD0E9F84904AE5 /* Pods-instagramCloneUITests.debug.xcconfig */,
				5D2E8904A152700463A6DE78 /* Pods-instagramCloneUITests.release.xcconfig */,
			);
			name = Pods;
			sourceTree = "<group>";
		};
/* End PBXGroup section */

/* Begin PBXNativeTarget section */
		83F2609B210C87E400CC4D1F /* instagramClone */ = {
			isa = PBXNativeTarget;
			buildConfigurationList = 83F260C4210C87E800CC4D1F /* Build configuration list for PBXNativeTarget "instagramClone" */;
			buildPhases = (
				6A3D4511C11F45CEB3571019 /* [CP] Check Pods Manifest.lock */,
				83F26098210C87E400CC4D1F /* Sources */,
				83F26099210C87E400CC4D1F /* Frameworks */,
				83F2609A210C87E400CC4D1F /* Resources */,
				0777EB37F6DDD775D4C83B1E /* [CP] Embed Pods Frameworks */,
			);
			buildRules = (
			);
			dependencies = (
			);
			name = instagramClone;
			productName = instagramClone;
			productReference = 83F2609C210C87E400CC4D1F /* instagramClone.app */;
			productType = "com.apple.product-type.application";
		};
		83F260AF210C87E800CC4D1F /* instagramCloneTests */ = {
			isa = PBXNativeTarget;
			buildConfigurationList = 83F260C7210C87E800CC4D1F /* Build configuration list for PBXNativeTarget "instagramCloneTests" */;
			buildPhases = (
				138EB2A2C80FBCFE788247D0 /* [CP] Check Pods Manifest.lock */,
				83F260AC210C87E800CC4D1F /* Sources */,
				83F260AD210C87E800CC4D1F /* Frameworks */,
				83F260AE210C87E800CC4D1F /* Resources */,
			);
			buildRules = (
			);
			dependencies = (
				83F260B2210C87E800CC4D1F /* PBXTargetDependency */,
			);
			name = instagramCloneTests;
			productName = instagramCloneTests;
			productReference = 83F260B0210C87E800CC4D1F /* instagramCloneTests.xctest */;
			productType = "com.apple.product-type.bundle.unit-test";
		};
		83F260BA210C87E800CC4D1F /* instagramCloneUITests */ = {
			isa = PBXNativeTarget;
			buildConfigurationList = 83F260CA210C87E800CC4D1F /* Build configuration list for PBXNativeTarget "instagramCloneUITests" */;
			buildPhases = (
				4361C0BD0A649EC95518D16D /* [CP] Check Pods Manifest.lock */,
				83F260B7210C87E800CC4D1F /* Sources */,
				83F260B8210C87E800CC4D1F /* Frameworks */,
				83F260B9210C87E800CC4D1F /* Resources */,
			);
			buildRules = (
			);
			dependencies = (
				83F260BD210C87E800CC4D1F /* PBXTargetDependency */,
			);
			name = instagramCloneUITests;
			productName = instagramCloneUITests;
			productReference = 83F260BB210C87E800CC4D1F /* instagramCloneUITests.xctest */;
			productType = "com.apple.product-type.bundle.ui-testing";
		};
/* End PBXNativeTarget section */

/* Begin PBXProject section */
		83F26094210C87E400CC4D1F /* Project object */ = {
			isa = PBXProject;
			attributes = {
				LastSwiftUpdateCheck = 0940;
				LastUpgradeCheck = 0940;
				ORGANIZATIONNAME = "tolga iskender";
				TargetAttributes = {
					83F2609B210C87E400CC4D1F = {
						CreatedOnToolsVersion = 9.4.1;
						LastSwiftMigration = 0940;
					};
					83F260AF210C87E800CC4D1F = {
						CreatedOnToolsVersion = 9.4.1;
						TestTargetID = 83F2609B210C87E400CC4D1F;
					};
					83F260BA210C87E800CC4D1F = {
						CreatedOnToolsVersion = 9.4.1;
						TestTargetID = 83F2609B210C87E400CC4D1F;
					};
				};
			};
			buildConfigurationList = 83F26097210C87E400CC4D1F /* Build configuration list for PBXProject "instagramClone" */;
			compatibilityVersion = "Xcode 9.3";
			developmentRegion = en;
			hasScannedForEncodings = 0;
			knownRegions = (
				en,
				Base,
			);
			mainGroup = 83F26093210C87E400CC4D1F;
			productRefGroup = 83F2609D210C87E400CC4D1F /* Products */;
			projectDirPath = "";
			projectRoot = "";
			targets = (
				83F2609B210C87E400CC4D1F /* instagramClone */,
				83F260AF210C87E800CC4D1F /* instagramCloneTests */,
				83F260BA210C87E800CC4D1F /* instagramCloneUITests */,
			);
		};
/* End PBXProject section */

/* Begin PBXResourcesBuildPhase section */
		83F2609A210C87E400CC4D1F /* Resources */ = {
			isa = PBXResourcesBuildPhase;
			buildActionMask = 2147483647;
			files = (
				830EA3A0210DD23F0088D9C6 /* ProgressHUD.bundle in Resources */,
				83F260AA210C87E800CC4D1F /* LaunchScreen.storyboard in Resources */,
				83F260E3210CB07200CC4D1F /* Camera.storyboard in Resources */,
				83F260DE210CAEC800CC4D1F /* Home.storyboard in Resources */,
				83F260A7210C87E800CC4D1F /* Assets.xcassets in Resources */,
				83F260DB210CAC9500CC4D1F /* Main2.storyboard in Resources */,
				83F260A5210C87E400CC4D1F /* Main.storyboard in Resources */,
				83F260E8210CB0C500CC4D1F /* Profile.storyboard in Resources */,
				83F260EC210CBA9C00CC4D1F /* GoogleService-Info.plist in Resources */,
				83F260E0210CAF0A00CC4D1F /* Discover.storyboard in Resources */,
				83F260E5210CB09D00CC4D1F /* Activity.storyboard in Resources */,
			);
			runOnlyForDeploymentPostprocessing = 0;
		};
		83F260AE210C87E800CC4D1F /* Resources */ = {
			isa = PBXResourcesBuildPhase;
			buildActionMask = 2147483647;
			files = (
			);
			runOnlyForDeploymentPostprocessing = 0;
		};
		83F260B9210C87E800CC4D1F /* Resources */ = {
			isa = PBXResourcesBuildPhase;
			buildActionMask = 2147483647;
			files = (
			);
			runOnlyForDeploymentPostprocessing = 0;
		};
/* End PBXResourcesBuildPhase section */

/* Begin PBXShellScriptBuildPhase section */
		0777EB37F6DDD775D4C83B1E /* [CP] Embed Pods Frameworks */ = {
			isa = PBXShellScriptBuildPhase;
			buildActionMask = 2147483647;
			files = (
			);
			inputPaths = (
				"${SRCROOT}/Pods/Target Support Files/Pods-instagramClone/Pods-instagramClone-frameworks.sh",
				"${BUILT_PRODUCTS_DIR}/GTMSessionFetcher/GTMSessionFetcher.framework",
				"${BUILT_PRODUCTS_DIR}/GoogleToolboxForMac/GoogleToolboxForMac.framework",
				"${BUILT_PRODUCTS_DIR}/ImagePicker/ImagePicker.framework",
				"${BUILT_PRODUCTS_DIR}/SDWebImage/SDWebImage.framework",
				"${BUILT_PRODUCTS_DIR}/leveldb-library/leveldb.framework",
				"${BUILT_PRODUCTS_DIR}/nanopb/nanopb.framework",
			);
			name = "[CP] Embed Pods Frameworks";
			outputPaths = (
				"${TARGET_BUILD_DIR}/${FRAMEWORKS_FOLDER_PATH}/GTMSessionFetcher.framework",
				"${TARGET_BUILD_DIR}/${FRAMEWORKS_FOLDER_PATH}/GoogleToolboxForMac.framework",
				"${TARGET_BUILD_DIR}/${FRAMEWORKS_FOLDER_PATH}/ImagePicker.framework",
				"${TARGET_BUILD_DIR}/${FRAMEWORKS_FOLDER_PATH}/SDWebImage.framework",
				"${TARGET_BUILD_DIR}/${FRAMEWORKS_FOLDER_PATH}/leveldb.framework",
				"${TARGET_BUILD_DIR}/${FRAMEWORKS_FOLDER_PATH}/nanopb.framework",
			);
			runOnlyForDeploymentPostprocessing = 0;
			shellPath = /bin/sh;
			shellScript = "\"${SRCROOT}/Pods/Target Support Files/Pods-instagramClone/Pods-instagramClone-frameworks.sh\"\n";
			showEnvVarsInLog = 0;
		};
		138EB2A2C80FBCFE788247D0 /* [CP] Check Pods Manifest.lock */ = {
			isa = PBXShellScriptBuildPhase;
			buildActionMask = 2147483647;
			files = (
			);
			inputPaths = (
				"${PODS_PODFILE_DIR_PATH}/Podfile.lock",
				"${PODS_ROOT}/Manifest.lock",
			);
			name = "[CP] Check Pods Manifest.lock";
			outputPaths = (
				"$(DERIVED_FILE_DIR)/Pods-instagramCloneTests-checkManifestLockResult.txt",
			);
			runOnlyForDeploymentPostprocessing = 0;
			shellPath = /bin/sh;
			shellScript = "diff \"${PODS_PODFILE_DIR_PATH}/Podfile.lock\" \"${PODS_ROOT}/Manifest.lock\" > /dev/null\nif [ $? != 0 ] ; then\n    # print error to STDERR\n    echo \"error: The sandbox is not in sync with the Podfile.lock. Run 'pod install' or update your CocoaPods installation.\" >&2\n    exit 1\nfi\n# This output is used by Xcode 'outputs' to avoid re-running this script phase.\necho \"SUCCESS\" > \"${SCRIPT_OUTPUT_FILE_0}\"\n";
			showEnvVarsInLog = 0;
		};
		4361C0BD0A649EC95518D16D /* [CP] Check Pods Manifest.lock */ = {
			isa = PBXShellScriptBuildPhase;
			buildActionMask = 2147483647;
			files = (
			);
			inputPaths = (
				"${PODS_PODFILE_DIR_PATH}/Podfile.lock",
				"${PODS_ROOT}/Manifest.lock",
			);
			name = "[CP] Check Pods Manifest.lock";
			outputPaths = (
				"$(DERIVED_FILE_DIR)/Pods-instagramCloneUITests-checkManifestLockResult.txt",
			);
			runOnlyForDeploymentPostprocessing = 0;
			shellPath = /bin/sh;
			shellScript = "diff \"${PODS_PODFILE_DIR_PATH}/Podfile.lock\" \"${PODS_ROOT}/Manifest.lock\" > /dev/null\nif [ $? != 0 ] ; then\n    # print error to STDERR\n    echo \"error: The sandbox is not in sync with the Podfile.lock. Run 'pod install' or update your CocoaPods installation.\" >&2\n    exit 1\nfi\n# This output is used by Xcode 'outputs' to avoid re-running this script phase.\necho \"SUCCESS\" > \"${SCRIPT_OUTPUT_FILE_0}\"\n";
			showEnvVarsInLog = 0;
		};
		6A3D4511C11F45CEB3571019 /* [CP] Check Pods Manifest.lock */ = {
			isa = PBXShellScriptBuildPhase;
			buildActionMask = 2147483647;
			files = (
			);
			inputPaths = (
				"${PODS_PODFILE_DIR_PATH}/Podfile.lock",
				"${PODS_ROOT}/Manifest.lock",
			);
			name = "[CP] Check Pods Manifest.lock";
			outputPaths = (
				"$(DERIVED_FILE_DIR)/Pods-instagramClone-checkManifestLockResult.txt",
			);
			runOnlyForDeploymentPostprocessing = 0;
			shellPath = /bin/sh;
			shellScript = "diff \"${PODS_PODFILE_DIR_PATH}/Podfile.lock\" \"${PODS_ROOT}/Manifest.lock\" > /dev/null\nif [ $? != 0 ] ; then\n    # print error to STDERR\n    echo \"error: The sandbox is not in sync with the Podfile.lock. Run 'pod install' or update your CocoaPods installation.\" >&2\n    exit 1\nfi\n# This output is used by Xcode 'outputs' to avoid re-running this script phase.\necho \"SUCCESS\" > \"${SCRIPT_OUTPUT_FILE_0}\"\n";
			showEnvVarsInLog = 0;
		};
/* End PBXShellScriptBuildPhase section */

/* Begin PBXSourcesBuildPhase section */
		83F26098210C87E400CC4D1F /* Sources */ = {
			isa = PBXSourcesBuildPhase;
			buildActionMask = 2147483647;
			files = (
				83D75914211099D000B57820 /* postCellTableViewCell.swift in Sources */,
				83F260CE210C8DF400CC4D1F /* SignUpViewController.swift in Sources */,
				83F260A2210C87E400CC4D1F /* ViewController.swift in Sources */,
				83D7591621109CA700B57820 /* postCollectionViewCell.swift in Sources */,
				83F260A0210C87E400CC4D1F /* AppDelegate.swift in Sources */,
				830EA3A4210DFA610088D9C6 /* Post.swift in Sources */,
				830EA398210DC4CC0088D9C6 /* AuthService.swift in Sources */,
				83F260D0210CA6AF00CC4D1F /* HomeViewController.swift in Sources */,
				83FC7771210FB6620095281B /* EditViewController.swift in Sources */,
				83F260D6210CA72A00CC4D1F /* ActivityViewController.swift in Sources */,
				830EA39F210DD23F0088D9C6 /* ProgressHUD.m in Sources */,
				83F260D2210CA6ED00CC4D1F /* DiscoverViewController.swift in Sources */,
				830EA39A210DCFE90088D9C6 /* Config.swift in Sources */,
				83F260D8210CA73700CC4D1F /* ProfileViewController.swift in Sources */,
				83F260D4210CA71C00CC4D1F /* CameraViewController.swift in Sources */,
			);
			runOnlyForDeploymentPostprocessing = 0;
		};
		83F260AC210C87E800CC4D1F /* Sources */ = {
			isa = PBXSourcesBuildPhase;
			buildActionMask = 2147483647;
			files = (
				83F260B5210C87E800CC4D1F /* instagramCloneTests.swift in Sources */,
			);
			runOnlyForDeploymentPostprocessing = 0;
		};
		83F260B7210C87E800CC4D1F /* Sources */ = {
			isa = PBXSourcesBuildPhase;
			buildActionMask = 2147483647;
			files = (
				83F260C0210C87E800CC4D1F /* instagramCloneUITests.swift in Sources */,
			);
			runOnlyForDeploymentPostprocessing = 0;
		};
/* End PBXSourcesBuildPhase section */

/* Begin PBXTargetDependency section */
		83F260B2210C87E800CC4D1F /* PBXTargetDependency */ = {
			isa = PBXTargetDependency;
			target = 83F2609B210C87E400CC4D1F /* instagramClone */;
			targetProxy = 83F260B1210C87E800CC4D1F /* PBXContainerItemProxy */;
		};
		83F260BD210C87E800CC4D1F /* PBXTargetDependency */ = {
			isa = PBXTargetDependency;
			target = 83F2609B210C87E400CC4D1F /* instagramClone */;
			targetProxy = 83F260BC210C87E800CC4D1F /* PBXContainerItemProxy */;
		};
/* End PBXTargetDependency section */

/* Begin PBXVariantGroup section */
		83F260A3210C87E400CC4D1F /* Main.storyboard */ = {
			isa = PBXVariantGroup;
			children = (
				83F260A4210C87E400CC4D1F /* Base */,
			);
			name = Main.storyboard;
			sourceTree = "<group>";
		};
		83F260A8210C87E800CC4D1F /* LaunchScreen.storyboard */ = {
			isa = PBXVariantGroup;
			children = (
				83F260A9210C87E800CC4D1F /* Base */,
			);
			name = LaunchScreen.storyboard;
			sourceTree = "<group>";
		};
		83F260D9210CAC9500CC4D1F /* Main2.storyboard */ = {
			isa = PBXVariantGroup;
			children = (
				83F260DA210CAC9500CC4D1F /* Base */,
			);
			name = Main2.storyboard;
			sourceTree = "<group>";
		};
		83F260DC210CAEC800CC4D1F /* Home.storyboard */ = {
			isa = PBXVariantGroup;
			children = (
				83F260DD210CAEC800CC4D1F /* Base */,
			);
			name = Home.storyboard;
			sourceTree = "<group>";
		};
		83F260E1210CB07200CC4D1F /* Camera.storyboard */ = {
			isa = PBXVariantGroup;
			children = (
				83F260E2210CB07200CC4D1F /* Base */,
			);
			name = Camera.storyboard;
			sourceTree = "<group>";
		};
		83F260E6210CB0C500CC4D1F /* Profile.storyboard */ = {
			isa = PBXVariantGroup;
			children = (
				83F260E7210CB0C500CC4D1F /* Base */,
			);
			name = Profile.storyboard;
			sourceTree = "<group>";
		};
/* End PBXVariantGroup section */

/* Begin XCBuildConfiguration section */
		83F260C2210C87E800CC4D1F /* Debug */ = {
			isa = XCBuildConfiguration;
			buildSettings = {
				ALWAYS_SEARCH_USER_PATHS = NO;
				CLANG_ANALYZER_NONNULL = YES;
				CLANG_ANALYZER_NUMBER_OBJECT_CONVERSION = YES_AGGRESSIVE;
				CLANG_CXX_LANGUAGE_STANDARD = "gnu++14";
				CLANG_CXX_LIBRARY = "libc++";
				CLANG_ENABLE_MODULES = YES;
				CLANG_ENABLE_OBJC_ARC = YES;
				CLANG_ENABLE_OBJC_WEAK = YES;
				CLANG_WARN_BLOCK_CAPTURE_AUTORELEASING = YES;
				CLANG_WARN_BOOL_CONVERSION = YES;
				CLANG_WARN_COMMA = YES;
				CLANG_WARN_CONSTANT_CONVERSION = YES;
				CLANG_WARN_DEPRECATED_OBJC_IMPLEMENTATIONS = YES;
				CLANG_WARN_DIRECT_OBJC_ISA_USAGE = YES_ERROR;
				CLANG_WARN_DOCUMENTATION_COMMENTS = YES;
				CLANG_WARN_EMPTY_BODY = YES;
				CLANG_WARN_ENUM_CONVERSION = YES;
				CLANG_WARN_INFINITE_RECURSION = YES;
				CLANG_WARN_INT_CONVERSION = YES;
				CLANG_WARN_NON_LITERAL_NULL_CONVERSION = YES;
				CLANG_WARN_OBJC_IMPLICIT_RETAIN_SELF = YES;
				CLANG_WARN_OBJC_LITERAL_CONVERSION = YES;
				CLANG_WARN_OBJC_ROOT_CLASS = YES_ERROR;
				CLANG_WARN_RANGE_LOOP_ANALYSIS = YES;
				CLANG_WARN_STRICT_PROTOTYPES = YES;
				CLANG_WARN_SUSPICIOUS_MOVE = YES;
				CLANG_WARN_UNGUARDED_AVAILABILITY = YES_AGGRESSIVE;
				CLANG_WARN_UNREACHABLE_CODE = YES;
				CLANG_WARN__DUPLICATE_METHOD_MATCH = YES;
				CODE_SIGN_IDENTITY = "iPhone Developer";
				COPY_PHASE_STRIP = NO;
				DEBUG_INFORMATION_FORMAT = dwarf;
				ENABLE_STRICT_OBJC_MSGSEND = YES;
				ENABLE_TESTABILITY = YES;
				GCC_C_LANGUAGE_STANDARD = gnu11;
				GCC_DYNAMIC_NO_PIC = NO;
				GCC_NO_COMMON_BLOCKS = YES;
				GCC_OPTIMIZATION_LEVEL = 0;
				GCC_PREPROCESSOR_DEFINITIONS = (
					"DEBUG=1",
					"$(inherited)",
				);
				GCC_WARN_64_TO_32_BIT_CONVERSION = YES;
				GCC_WARN_ABOUT_RETURN_TYPE = YES_ERROR;
				GCC_WARN_UNDECLARED_SELECTOR = YES;
				GCC_WARN_UNINITIALIZED_AUTOS = YES_AGGRESSIVE;
				GCC_WARN_UNUSED_FUNCTION = YES;
				GCC_WARN_UNUSED_VARIABLE = YES;
				IPHONEOS_DEPLOYMENT_TARGET = 11.4;
				MTL_ENABLE_DEBUG_INFO = YES;
				ONLY_ACTIVE_ARCH = YES;
				SDKROOT = iphoneos;
				SWIFT_ACTIVE_COMPILATION_CONDITIONS = DEBUG;
				SWIFT_OPTIMIZATION_LEVEL = "-Onone";
			};
			name = Debug;
		};
		83F260C3210C87E800CC4D1F /* Release */ = {
			isa = XCBuildConfiguration;
			buildSettings = {
				ALWAYS_SEARCH_USER_PATHS = NO;
				CLANG_ANALYZER_NONNULL = YES;
				CLANG_ANALYZER_NUMBER_OBJECT_CONVERSION = YES_AGGRESSIVE;
				CLANG_CXX_LANGUAGE_STANDARD = "gnu++14";
				CLANG_CXX_LIBRARY = "libc++";
				CLANG_ENABLE_MODULES = YES;
				CLANG_ENABLE_OBJC_ARC = YES;
				CLANG_ENABLE_OBJC_WEAK = YES;
				CLANG_WARN_BLOCK_CAPTURE_AUTORELEASING = YES;
				CLANG_WARN_BOOL_CONVERSION = YES;
				CLANG_WARN_COMMA = YES;
				CLANG_WARN_CONSTANT_CONVERSION = YES;
				CLANG_WARN_DEPRECATED_OBJC_IMPLEMENTATIONS = YES;
				CLANG_WARN_DIRECT_OBJC_ISA_USAGE = YES_ERROR;
				CLANG_WARN_DOCUMENTATION_COMMENTS = YES;
				CLANG_WARN_EMPTY_BODY = YES;
				CLANG_WARN_ENUM_CONVERSION = YES;
				CLANG_WARN_INFINITE_RECURSION = YES;
				CLANG_WARN_INT_CONVERSION = YES;
				CLANG_WARN_NON_LITERAL_NULL_CONVERSION = YES;
				CLANG_WARN_OBJC_IMPLICIT_RETAIN_SELF = YES;
				CLANG_WARN_OBJC_LITERAL_CONVERSION = YES;
				CLANG_WARN_OBJC_ROOT_CLASS = YES_ERROR;
				CLANG_WARN_RANGE_LOOP_ANALYSIS = YES;
				CLANG_WARN_STRICT_PROTOTYPES = YES;
				CLANG_WARN_SUSPICIOUS_MOVE = YES;
				CLANG_WARN_UNGUARDED_AVAILABILITY = YES_AGGRESSIVE;
				CLANG_WARN_UNREACHABLE_CODE = YES;
				CLANG_WARN__DUPLICATE_METHOD_MATCH = YES;
				CODE_SIGN_IDENTITY = "iPhone Developer";
				COPY_PHASE_STRIP = NO;
				DEBUG_INFORMATION_FORMAT = "dwarf-with-dsym";
				ENABLE_NS_ASSERTIONS = NO;
				ENABLE_STRICT_OBJC_MSGSEND = YES;
				GCC_C_LANGUAGE_STANDARD = gnu11;
				GCC_NO_COMMON_BLOCKS = YES;
				GCC_WARN_64_TO_32_BIT_CONVERSION = YES;
				GCC_WARN_ABOUT_RETURN_TYPE = YES_ERROR;
				GCC_WARN_UNDECLARED_SELECTOR = YES;
				GCC_WARN_UNINITIALIZED_AUTOS = YES_AGGRESSIVE;
				GCC_WARN_UNUSED_FUNCTION = YES;
				GCC_WARN_UNUSED_VARIABLE = YES;
				IPHONEOS_DEPLOYMENT_TARGET = 11.4;
				MTL_ENABLE_DEBUG_INFO = NO;
				SDKROOT = iphoneos;
				SWIFT_COMPILATION_MODE = wholemodule;
				SWIFT_OPTIMIZATION_LEVEL = "-O";
				VALIDATE_PRODUCT = YES;
			};
			name = Release;
		};
		83F260C5210C87E800CC4D1F /* Debug */ = {
			isa = XCBuildConfiguration;
			baseConfigurationReference = 08EC93A1BF1C06F3024EDBC2 /* Pods-instagramClone.debug.xcconfig */;
			buildSettings = {
				ASSETCATALOG_COMPILER_APPICON_NAME = AppIcon;
				CLANG_ENABLE_MODULES = YES;
				CODE_SIGN_STYLE = Automatic;
				INFOPLIST_FILE = instagramClone/Info.plist;
				LD_RUNPATH_SEARCH_PATHS = (
					"$(inherited)",
					"@executable_path/Frameworks",
				);
				PRODUCT_BUNDLE_IDENTIFIER = tolga.instagramClone;
				PRODUCT_NAME = "$(TARGET_NAME)";
				SWIFT_OBJC_BRIDGING_HEADER = "instagramClone/instagramClone-Bridging-Header.h";
				SWIFT_OPTIMIZATION_LEVEL = "-Onone";
				SWIFT_VERSION = 4.0;
				TARGETED_DEVICE_FAMILY = "1,2";
			};
			name = Debug;
		};
		83F260C6210C87E800CC4D1F /* Release */ = {
			isa = XCBuildConfiguration;
			baseConfigurationReference = 7B72B3ED7D83C8A137DFF8B9 /* Pods-instagramClone.release.xcconfig */;
			buildSettings = {
				ASSETCATALOG_COMPILER_APPICON_NAME = AppIcon;
				CLANG_ENABLE_MODULES = YES;
				CODE_SIGN_STYLE = Automatic;
				INFOPLIST_FILE = instagramClone/Info.plist;
				LD_RUNPATH_SEARCH_PATHS = (
					"$(inherited)",
					"@executable_path/Frameworks",
				);
				PRODUCT_BUNDLE_IDENTIFIER = tolga.instagramClone;
				PRODUCT_NAME = "$(TARGET_NAME)";
				SWIFT_OBJC_BRIDGING_HEADER = "instagramClone/instagramClone-Bridging-Header.h";
				SWIFT_VERSION = 4.0;
				TARGETED_DEVICE_FAMILY = "1,2";
			};
			name = Release;
		};
		83F260C8210C87E800CC4D1F /* Debug */ = {
			isa = XCBuildConfiguration;
			baseConfigurationReference = 7A16B0FBD5A90FDE6D55E626 /* Pods-instagramCloneTests.debug.xcconfig */;
			buildSettings = {
				ALWAYS_EMBED_SWIFT_STANDARD_LIBRARIES = YES;
				BUNDLE_LOADER = "$(TEST_HOST)";
				CODE_SIGN_STYLE = Automatic;
				INFOPLIST_FILE = instagramCloneTests/Info.plist;
				LD_RUNPATH_SEARCH_PATHS = (
					"$(inherited)",
					"@executable_path/Frameworks",
					"@loader_path/Frameworks",
				);
				PRODUCT_BUNDLE_IDENTIFIER = tolga.instagramCloneTests;
				PRODUCT_NAME = "$(TARGET_NAME)";
				SWIFT_VERSION = 4.0;
				TARGETED_DEVICE_FAMILY = "1,2";
				TEST_HOST = "$(BUILT_PRODUCTS_DIR)/instagramClone.app/instagramClone";
			};
			name = Debug;
		};
		83F260C9210C87E800CC4D1F /* Release */ = {
			isa = XCBuildConfiguration;
			baseConfigurationReference = 929F68488302AE8FCE1D1209 /* Pods-instagramCloneTests.release.xcconfig */;
			buildSettings = {
				ALWAYS_EMBED_SWIFT_STANDARD_LIBRARIES = YES;
				BUNDLE_LOADER = "$(TEST_HOST)";
				CODE_SIGN_STYLE = Automatic;
				INFOPLIST_FILE = instagramCloneTests/Info.plist;
				LD_RUNPATH_SEARCH_PATHS = (
					"$(inherited)",
					"@executable_path/Frameworks",
					"@loader_path/Frameworks",
				);
				PRODUCT_BUNDLE_IDENTIFIER = tolga.instagramCloneTests;
				PRODUCT_NAME = "$(TARGET_NAME)";
				SWIFT_VERSION = 4.0;
				TARGETED_DEVICE_FAMILY = "1,2";
				TEST_HOST = "$(BUILT_PRODUCTS_DIR)/instagramClone.app/instagramClone";
			};
			name = Release;
		};
		83F260CB210C87E800CC4D1F /* Debug */ = {
			isa = XCBuildConfiguration;
			baseConfigurationReference = 35B1297C32FD0E9F84904AE5 /* Pods-instagramCloneUITests.debug.xcconfig */;
			buildSettings = {
				ALWAYS_EMBED_SWIFT_STANDARD_LIBRARIES = YES;
				CODE_SIGN_STYLE = Automatic;
				INFOPLIST_FILE = instagramCloneUITests/Info.plist;
				LD_RUNPATH_SEARCH_PATHS = (
					"$(inherited)",
					"@executable_path/Frameworks",
					"@loader_path/Frameworks",
				);
				PRODUCT_BUNDLE_IDENTIFIER = tolga.instagramCloneUITests;
				PRODUCT_NAME = "$(TARGET_NAME)";
				SWIFT_VERSION = 4.0;
				TARGETED_DEVICE_FAMILY = "1,2";
				TEST_TARGET_NAME = instagramClone;
			};
			name = Debug;
		};
		83F260CC210C87E800CC4D1F /* Release */ = {
			isa = XCBuildConfiguration;
			baseConfigurationReference = 5D2E8904A152700463A6DE78 /* Pods-instagramCloneUITests.release.xcconfig */;
			buildSettings = {
				ALWAYS_EMBED_SWIFT_STANDARD_LIBRARIES = YES;
				CODE_SIGN_STYLE = Automatic;
				INFOPLIST_FILE = instagramCloneUITests/Info.plist;
				LD_RUNPATH_SEARCH_PATHS = (
					"$(inherited)",
					"@executable_path/Frameworks",
					"@loader_path/Frameworks",
				);
				PRODUCT_BUNDLE_IDENTIFIER = tolga.instagramCloneUITests;
				PRODUCT_NAME = "$(TARGET_NAME)";
				SWIFT_VERSION = 4.0;
				TARGETED_DEVICE_FAMILY = "1,2";
				TEST_TARGET_NAME = instagramClone;
			};
			name = Release;
		};
/* End XCBuildConfiguration section */

/* Begin XCConfigurationList section */
		83F26097210C87E400CC4D1F /* Build configuration list for PBXProject "instagramClone" */ = {
			isa = XCConfigurationList;
			buildConfigurations = (
				83F260C2210C87E800CC4D1F /* Debug */,
				83F260C3210C87E800CC4D1F /* Release */,
			);
			defaultConfigurationIsVisible = 0;
			defaultConfigurationName = Release;
		};
		83F260C4210C87E800CC4D1F /* Build configuration list for PBXNativeTarget "instagramClone" */ = {
			isa = XCConfigurationList;
			buildConfigurations = (
				83F260C5210C87E800CC4D1F /* Debug */,
				83F260C6210C87E800CC4D1F /* Release */,
			);
			defaultConfigurationIsVisible = 0;
			defaultConfigurationName = Release;
		};
		83F260C7210C87E800CC4D1F /* Build configuration list for PBXNativeTarget "instagramCloneTests" */ = {
			isa = XCConfigurationList;
			buildConfigurations = (
				83F260C8210C87E800CC4D1F /* Debug */,
				83F260C9210C87E800CC4D1F /* Release */,
			);
			defaultConfigurationIsVisible = 0;
			defaultConfigurationName = Release;
		};
		83F260CA210C87E800CC4D1F /* Build configuration list for PBXNativeTarget "instagramCloneUITests" */ = {
			isa = XCConfigurationList;
			buildConfigurations = (
				83F260CB210C87E800CC4D1F /* Debug */,
				83F260CC210C87E800CC4D1F /* Release */,
			);
			defaultConfigurationIsVisible = 0;
			defaultConfigurationName = Release;
		};
/* End XCConfigurationList section */
	};
	rootObject = 83F26094210C87E400CC4D1F /* Project object */;
}
